// !$*UTF8*$!
{
	archiveVersion = 1;
	classes = {
	};
	objectVersion = 56;
	objects = {

/* Begin PBXBuildFile section */
		3B17F7CB2B701CCA003E36FA /* MainTabBar.swift in Sources */ = {isa = PBXBuildFile; fileRef = 3B17F7CA2B701CCA003E36FA /* MainTabBar.swift */; };
		3B17F7CD2B701E58003E36FA /* WorkoutSessionModel.swift in Sources */ = {isa = PBXBuildFile; fileRef = 3B17F7CC2B701E58003E36FA /* WorkoutSessionModel.swift */; };
		3B29FC4D2B74A402008D0562 /* MuscleWorkedIcon.swift in Sources */ = {isa = PBXBuildFile; fileRef = 3B29FC4C2B74A402008D0562 /* MuscleWorkedIcon.swift */; };
		3B4777D82B578E9B0055C6B4 /* SwiftUIView.swift in Sources */ = {isa = PBXBuildFile; fileRef = 3B4777D72B578E9B0055C6B4 /* SwiftUIView.swift */; };
		3B8DE9AE2B48A24B00668E83 /* RoutineListView.swift in Sources */ = {isa = PBXBuildFile; fileRef = 3B8DE9AD2B48A24B00668E83 /* RoutineListView.swift */; };
		3B8DE9B02B48A2EF00668E83 /* ProfileView.swift in Sources */ = {isa = PBXBuildFile; fileRef = 3B8DE9AF2B48A2EF00668E83 /* ProfileView.swift */; };
		3B8DE9B22B48A4A000668E83 /* RoutineModel.swift in Sources */ = {isa = PBXBuildFile; fileRef = 3B8DE9B12B48A4A000668E83 /* RoutineModel.swift */; };
		3B976AD72B620C57009B10A4 /* ActiveWorkoutView.swift in Sources */ = {isa = PBXBuildFile; fileRef = 3B976AD62B620C57009B10A4 /* ActiveWorkoutView.swift */; };
		3B976AD92B620CDB009B10A4 /* ActiveWorkoutExerciseRow.swift in Sources */ = {isa = PBXBuildFile; fileRef = 3B976AD82B620CDB009B10A4 /* ActiveWorkoutExerciseRow.swift */; };
		3BA2CDBC2B81AAB800A8BBED /* ExerciseInputRow.swift in Sources */ = {isa = PBXBuildFile; fileRef = 3BA2CDBB2B81AAB700A8BBED /* ExerciseInputRow.swift */; };
		3BA5A0502B69536400B497F9 /* User.swift in Sources */ = {isa = PBXBuildFile; fileRef = 3BA5A04F2B69536400B497F9 /* User.swift */; };
		3BB43C112B41294400CE0623 /* Muscle_VolumeApp.swift in Sources */ = {isa = PBXBuildFile; fileRef = 3BB43C102B41294400CE0623 /* Muscle_VolumeApp.swift */; };
		3BB43C132B41294400CE0623 /* ContentView.swift in Sources */ = {isa = PBXBuildFile; fileRef = 3BB43C122B41294400CE0623 /* ContentView.swift */; };
		3BB43C152B41294400CE0623 /* Item.swift in Sources */ = {isa = PBXBuildFile; fileRef = 3BB43C142B41294400CE0623 /* Item.swift */; };
		3BB43C172B41294600CE0623 /* Assets.xcassets in Resources */ = {isa = PBXBuildFile; fileRef = 3BB43C162B41294600CE0623 /* Assets.xcassets */; };
		3BB43C1A2B41294600CE0623 /* Preview Assets.xcassets in Resources */ = {isa = PBXBuildFile; fileRef = 3BB43C192B41294600CE0623 /* Preview Assets.xcassets */; };
		3BE1C1F02B492A2300BFCB5D /* AddRoutineView.swift in Sources */ = {isa = PBXBuildFile; fileRef = 3BE1C1EF2B492A2300BFCB5D /* AddRoutineView.swift */; };
		3BE1C2102B49C29C00BFCB5D /* DefaultExercises.swift in Sources */ = {isa = PBXBuildFile; fileRef = 3BE1C20F2B49C29C00BFCB5D /* DefaultExercises.swift */; };
		3BE1C2122B49C2D800BFCB5D /* ExerciseListView.swift in Sources */ = {isa = PBXBuildFile; fileRef = 3BE1C2112B49C2D800BFCB5D /* ExerciseListView.swift */; };
		3BE1C2142B49D14900BFCB5D /* ExerciseView.swift in Sources */ = {isa = PBXBuildFile; fileRef = 3BE1C2132B49D14900BFCB5D /* ExerciseView.swift */; };
		3BE1C2182B4CA76700BFCB5D /* WorkoutEditView.swift in Sources */ = {isa = PBXBuildFile; fileRef = 3BE1C2172B4CA76700BFCB5D /* WorkoutEditView.swift */; };
/* End PBXBuildFile section */

/* Begin PBXFileReference section */
		3B17F7CA2B701CCA003E36FA /* MainTabBar.swift */ = {isa = PBXFileReference; lastKnownFileType = sourcecode.swift; path = MainTabBar.swift; sourceTree = "<group>"; };
		3B17F7CC2B701E58003E36FA /* WorkoutSessionModel.swift */ = {isa = PBXFileReference; lastKnownFileType = sourcecode.swift; path = WorkoutSessionModel.swift; sourceTree = "<group>"; };
		3B29FC4C2B74A402008D0562 /* MuscleWorkedIcon.swift */ = {isa = PBXFileReference; lastKnownFileType = sourcecode.swift; path = MuscleWorkedIcon.swift; sourceTree = "<group>"; };
		3B4777D72B578E9B0055C6B4 /* SwiftUIView.swift */ = {isa = PBXFileReference; lastKnownFileType = sourcecode.swift; path = SwiftUIView.swift; sourceTree = "<group>"; };
		3B8DE9AD2B48A24B00668E83 /* RoutineListView.swift */ = {isa = PBXFileReference; lastKnownFileType = sourcecode.swift; path = RoutineListView.swift; sourceTree = "<group>"; };
		3B8DE9AF2B48A2EF00668E83 /* ProfileView.swift */ = {isa = PBXFileReference; lastKnownFileType = sourcecode.swift; path = ProfileView.swift; sourceTree = "<group>"; };
		3B8DE9B12B48A4A000668E83 /* RoutineModel.swift */ = {isa = PBXFileReference; lastKnownFileType = sourcecode.swift; path = RoutineModel.swift; sourceTree = "<group>"; };
		3B976AD62B620C57009B10A4 /* ActiveWorkoutView.swift */ = {isa = PBXFileReference; lastKnownFileType = sourcecode.swift; path = ActiveWorkoutView.swift; sourceTree = "<group>"; };
		3B976AD82B620CDB009B10A4 /* ActiveWorkoutExerciseRow.swift */ = {isa = PBXFileReference; lastKnownFileType = sourcecode.swift; path = ActiveWorkoutExerciseRow.swift; sourceTree = "<group>"; };
		3BA2CDBB2B81AAB700A8BBED /* ExerciseInputRow.swift */ = {isa = PBXFileReference; lastKnownFileType = sourcecode.swift; path = ExerciseInputRow.swift; sourceTree = "<group>"; };
		3BA5A04F2B69536400B497F9 /* User.swift */ = {isa = PBXFileReference; lastKnownFileType = sourcecode.swift; path = User.swift; sourceTree = "<group>"; };
		3BB43C0D2B41294400CE0623 /* Muscle Volume.app */ = {isa = PBXFileReference; explicitFileType = wrapper.application; includeInIndex = 0; path = "Muscle Volume.app"; sourceTree = BUILT_PRODUCTS_DIR; };
		3BB43C102B41294400CE0623 /* Muscle_VolumeApp.swift */ = {isa = PBXFileReference; lastKnownFileType = sourcecode.swift; path = Muscle_VolumeApp.swift; sourceTree = "<group>"; };
		3BB43C122B41294400CE0623 /* ContentView.swift */ = {isa = PBXFileReference; lastKnownFileType = sourcecode.swift; path = ContentView.swift; sourceTree = "<group>"; };
		3BB43C142B41294400CE0623 /* Item.swift */ = {isa = PBXFileReference; lastKnownFileType = sourcecode.swift; path = Item.swift; sourceTree = "<group>"; };
		3BB43C162B41294600CE0623 /* Assets.xcassets */ = {isa = PBXFileReference; lastKnownFileType = folder.assetcatalog; path = Assets.xcassets; sourceTree = "<group>"; };
		3BB43C192B41294600CE0623 /* Preview Assets.xcassets */ = {isa = PBXFileReference; lastKnownFileType = folder.assetcatalog; path = "Preview Assets.xcassets"; sourceTree = "<group>"; };
		3BE1C1EF2B492A2300BFCB5D /* AddRoutineView.swift */ = {isa = PBXFileReference; lastKnownFileType = sourcecode.swift; path = AddRoutineView.swift; sourceTree = "<group>"; };
		3BE1C20F2B49C29C00BFCB5D /* DefaultExercises.swift */ = {isa = PBXFileReference; lastKnownFileType = sourcecode.swift; path = DefaultExercises.swift; sourceTree = "<group>"; };
		3BE1C2112B49C2D800BFCB5D /* ExerciseListView.swift */ = {isa = PBXFileReference; lastKnownFileType = sourcecode.swift; path = ExerciseListView.swift; sourceTree = "<group>"; };
		3BE1C2132B49D14900BFCB5D /* ExerciseView.swift */ = {isa = PBXFileReference; lastKnownFileType = sourcecode.swift; path = ExerciseView.swift; sourceTree = "<group>"; };
		3BE1C2172B4CA76700BFCB5D /* WorkoutEditView.swift */ = {isa = PBXFileReference; lastKnownFileType = sourcecode.swift; path = WorkoutEditView.swift; sourceTree = "<group>"; };
/* End PBXFileReference section */

/* Begin PBXFrameworksBuildPhase section */
		3BB43C0A2B41294400CE0623 /* Frameworks */ = {
			isa = PBXFrameworksBuildPhase;
			buildActionMask = 2147483647;
			files = (
			);
			runOnlyForDeploymentPostprocessing = 0;
		};
/* End PBXFrameworksBuildPhase section */

/* Begin PBXGroup section */
		3B17F7BF2B701B05003E36FA /* Core */ = {
			isa = PBXGroup;
			children = (
				3B17F7C92B701CA4003E36FA /* TabBar */,
				3B17F7C62B701B6F003E36FA /* Workouts */,
				3B17F7C42B701B54003E36FA /* Exercises */,
				3B17F7C32B701B50003E36FA /* Profile */,
				3B17F7C22B701B25003E36FA /* Routines */,
			);
			path = Core;
			sourceTree = "<group>";
		};
		3B17F7C02B701B0D003E36FA /* App */ = {
			isa = PBXGroup;
			children = (
				3BB43C102B41294400CE0623 /* Muscle_VolumeApp.swift */,
			);
			path = App;
			sourceTree = "<group>";
		};
		3B17F7C12B701B13003E36FA /* Models */ = {
			isa = PBXGroup;
			children = (
				3B8DE9B12B48A4A000668E83 /* RoutineModel.swift */,
				3B17F7CC2B701E58003E36FA /* WorkoutSessionModel.swift */,
			);
			path = Models;
			sourceTree = "<group>";
		};
		3B17F7C22B701B25003E36FA /* Routines */ = {
			isa = PBXGroup;
			children = (
			);
			path = Routines;
			sourceTree = "<group>";
		};
		3B17F7C32B701B50003E36FA /* Profile */ = {
			isa = PBXGroup;
			children = (
				3B17F7C72B701BCF003E36FA /* View */,
			);
			path = Profile;
			sourceTree = "<group>";
		};
		3B17F7C42B701B54003E36FA /* Exercises */ = {
			isa = PBXGroup;
			children = (
			);
			path = Exercises;
			sourceTree = "<group>";
		};
		3B17F7C52B701B66003E36FA /* Helpers */ = {
			isa = PBXGroup;
			children = (
			);
			path = Helpers;
			sourceTree = "<group>";
		};
		3B17F7C62B701B6F003E36FA /* Workouts */ = {
			isa = PBXGroup;
			children = (
			);
			path = Workouts;
			sourceTree = "<group>";
		};
		3B17F7C72B701BCF003E36FA /* View */ = {
			isa = PBXGroup;
			children = (
				3B8DE9AF2B48A2EF00668E83 /* ProfileView.swift */,
			);
			path = View;
			sourceTree = "<group>";
		};
		3B17F7C82B701BE6003E36FA /* Root */ = {
			isa = PBXGroup;
			children = (
				3BB43C122B41294400CE0623 /* ContentView.swift */,
			);
			path = Root;
			sourceTree = "<group>";
		};
		3B17F7C92B701CA4003E36FA /* TabBar */ = {
			isa = PBXGroup;
			children = (
				3B17F7CA2B701CCA003E36FA /* MainTabBar.swift */,
			);
			path = TabBar;
			sourceTree = "<group>";
		};
		3B29FC4B2B74A3E2008D0562 /* New Group */ = {
			isa = PBXGroup;
			children = (
				3B29FC4C2B74A402008D0562 /* MuscleWorkedIcon.swift */,
			);
			path = "New Group";
			sourceTree = "<group>";
		};
		3BB43C042B41294400CE0623 = {
			isa = PBXGroup;
			children = (
				3BB43C0F2B41294400CE0623 /* Muscle Volume */,
				3BB43C0E2B41294400CE0623 /* Products */,
			);
			sourceTree = "<group>";
		};
		3BB43C0E2B41294400CE0623 /* Products */ = {
			isa = PBXGroup;
			children = (
				3BB43C0D2B41294400CE0623 /* Muscle Volume.app */,
			);
			name = Products;
			sourceTree = "<group>";
		};
		3BB43C0F2B41294400CE0623 /* Muscle Volume */ = {
			isa = PBXGroup;
			children = (
				3B29FC4B2B74A3E2008D0562 /* New Group */,
				3B17F7C82B701BE6003E36FA /* Root */,
				3B17F7C52B701B66003E36FA /* Helpers */,
				3B17F7C12B701B13003E36FA /* Models */,
				3B17F7C02B701B0D003E36FA /* App */,
				3B17F7BF2B701B05003E36FA /* Core */,
				3B8DE9AD2B48A24B00668E83 /* RoutineListView.swift */,
				3BE1C1EF2B492A2300BFCB5D /* AddRoutineView.swift */,
				3BB43C142B41294400CE0623 /* Item.swift */,
				3BB43C162B41294600CE0623 /* Assets.xcassets */,
				3BB43C182B41294600CE0623 /* Preview Content */,
				3BE1C20F2B49C29C00BFCB5D /* DefaultExercises.swift */,
				3BE1C2112B49C2D800BFCB5D /* ExerciseListView.swift */,
				3BE1C2132B49D14900BFCB5D /* ExerciseView.swift */,
				3BE1C2172B4CA76700BFCB5D /* WorkoutEditView.swift */,
				3B4777D72B578E9B0055C6B4 /* SwiftUIView.swift */,
				3B976AD62B620C57009B10A4 /* ActiveWorkoutView.swift */,
				3B976AD82B620CDB009B10A4 /* ActiveWorkoutExerciseRow.swift */,
				3BA5A04F2B69536400B497F9 /* User.swift */,
				3BA2CDBB2B81AAB700A8BBED /* ExerciseInputRow.swift */,
			);
			path = "Muscle Volume";
			sourceTree = "<group>";
		};
		3BB43C182B41294600CE0623 /* Preview Content */ = {
			isa = PBXGroup;
			children = (
				3BB43C192B41294600CE0623 /* Preview Assets.xcassets */,
			);
			path = "Preview Content";
			sourceTree = "<group>";
		};
/* End PBXGroup section */

/* Begin PBXNativeTarget section */
		3BB43C0C2B41294400CE0623 /* Muscle Volume */ = {
			isa = PBXNativeTarget;
			buildConfigurationList = 3BB43C1D2B41294600CE0623 /* Build configuration list for PBXNativeTarget "Muscle Volume" */;
			buildPhases = (
				3BB43C092B41294400CE0623 /* Sources */,
				3BB43C0A2B41294400CE0623 /* Frameworks */,
				3BB43C0B2B41294400CE0623 /* Resources */,
			);
			buildRules = (
			);
			dependencies = (
			);
			name = "Muscle Volume";
			productName = "Muscle Volume";
			productReference = 3BB43C0D2B41294400CE0623 /* Muscle Volume.app */;
			productType = "com.apple.product-type.application";
		};
/* End PBXNativeTarget section */

/* Begin PBXProject section */
		3BB43C052B41294400CE0623 /* Project object */ = {
			isa = PBXProject;
			attributes = {
				BuildIndependentTargetsInParallel = 1;
				LastSwiftUpdateCheck = 1510;
				LastUpgradeCheck = 1510;
				TargetAttributes = {
					3BB43C0C2B41294400CE0623 = {
						CreatedOnToolsVersion = 15.1;
					};
				};
			};
			buildConfigurationList = 3BB43C082B41294400CE0623 /* Build configuration list for PBXProject "Muscle Volume" */;
			compatibilityVersion = "Xcode 14.0";
			developmentRegion = en;
			hasScannedForEncodings = 0;
			knownRegions = (
				en,
				Base,
			);
			mainGroup = 3BB43C042B41294400CE0623;
			productRefGroup = 3BB43C0E2B41294400CE0623 /* Products */;
			projectDirPath = "";
			projectRoot = "";
			targets = (
				3BB43C0C2B41294400CE0623 /* Muscle Volume */,
			);
		};
/* End PBXProject section */

/* Begin PBXResourcesBuildPhase section */
		3BB43C0B2B41294400CE0623 /* Resources */ = {
			isa = PBXResourcesBuildPhase;
			buildActionMask = 2147483647;
			files = (
				3BB43C1A2B41294600CE0623 /* Preview Assets.xcassets in Resources */,
				3BB43C172B41294600CE0623 /* Assets.xcassets in Resources */,
			);
			runOnlyForDeploymentPostprocessing = 0;
		};
/* End PBXResourcesBuildPhase section */

/* Begin PBXSourcesBuildPhase section */
		3BB43C092B41294400CE0623 /* Sources */ = {
			isa = PBXSourcesBuildPhase;
			buildActionMask = 2147483647;
			files = (
				3BB43C132B41294400CE0623 /* ContentView.swift in Sources */,
				3BE1C2102B49C29C00BFCB5D /* DefaultExercises.swift in Sources */,
				3B4777D82B578E9B0055C6B4 /* SwiftUIView.swift in Sources */,
				3B8DE9B22B48A4A000668E83 /* RoutineModel.swift in Sources */,
				3BB43C152B41294400CE0623 /* Item.swift in Sources */,
				3BE1C2142B49D14900BFCB5D /* ExerciseView.swift in Sources */,
				3BA2CDBC2B81AAB800A8BBED /* ExerciseInputRow.swift in Sources */,
				3BE1C2182B4CA76700BFCB5D /* WorkoutEditView.swift in Sources */,
				3BE1C2122B49C2D800BFCB5D /* ExerciseListView.swift in Sources */,
				3BA5A0502B69536400B497F9 /* User.swift in Sources */,
				3B17F7CD2B701E58003E36FA /* WorkoutSessionModel.swift in Sources */,
				3B976AD92B620CDB009B10A4 /* ActiveWorkoutExerciseRow.swift in Sources */,
				3B976AD72B620C57009B10A4 /* ActiveWorkoutView.swift in Sources */,
				3B8DE9B02B48A2EF00668E83 /* ProfileView.swift in Sources */,
				3B17F7CB2B701CCA003E36FA /* MainTabBar.swift in Sources */,
				3B8DE9AE2B48A24B00668E83 /* RoutineListView.swift in Sources */,
				3BE1C1F02B492A2300BFCB5D /* AddRoutineView.swift in Sources */,
				3BB43C112B41294400CE0623 /* Muscle_VolumeApp.swift in Sources */,
				3B29FC4D2B74A402008D0562 /* MuscleWorkedIcon.swift in Sources */,
			);
			runOnlyForDeploymentPostprocessing = 0;
		};
/* End PBXSourcesBuildPhase section */

/* Begin XCBuildConfiguration section */
		3BB43C1B2B41294600CE0623 /* Debug */ = {
			isa = XCBuildConfiguration;
			buildSettings = {
				ALWAYS_SEARCH_USER_PATHS = NO;
				ASSETCATALOG_COMPILER_GENERATE_SWIFT_ASSET_SYMBOL_EXTENSIONS = YES;
				CLANG_ANALYZER_NONNULL = YES;
				CLANG_ANALYZER_NUMBER_OBJECT_CONVERSION = YES_AGGRESSIVE;
				CLANG_CXX_LANGUAGE_STANDARD = "gnu++20";
				CLANG_ENABLE_MODULES = YES;
				CLANG_ENABLE_OBJC_ARC = YES;
				CLANG_ENABLE_OBJC_WEAK = YES;
				CLANG_WARN_BLOCK_CAPTURE_AUTORELEASING = YES;
				CLANG_WARN_BOOL_CONVERSION = YES;
				CLANG_WARN_COMMA = YES;
				CLANG_WARN_CONSTANT_CONVERSION = YES;
				CLANG_WARN_DEPRECATED_OBJC_IMPLEMENTATIONS = YES;
				CLANG_WARN_DIRECT_OBJC_ISA_USAGE = YES_ERROR;
				CLANG_WARN_DOCUMENTATION_COMMENTS = YES;
				CLANG_WARN_EMPTY_BODY = YES;
				CLANG_WARN_ENUM_CONVERSION = YES;
				CLANG_WARN_INFINITE_RECURSION = YES;
				CLANG_WARN_INT_CONVERSION = YES;
				CLANG_WARN_NON_LITERAL_NULL_CONVERSION = YES;
				CLANG_WARN_OBJC_IMPLICIT_RETAIN_SELF = YES;
				CLANG_WARN_OBJC_LITERAL_CONVERSION = YES;
				CLANG_WARN_OBJC_ROOT_CLASS = YES_ERROR;
				CLANG_WARN_QUOTED_INCLUDE_IN_FRAMEWORK_HEADER = YES;
				CLANG_WARN_RANGE_LOOP_ANALYSIS = YES;
				CLANG_WARN_STRICT_PROTOTYPES = YES;
				CLANG_WARN_SUSPICIOUS_MOVE = YES;
				CLANG_WARN_UNGUARDED_AVAILABILITY = YES_AGGRESSIVE;
				CLANG_WARN_UNREACHABLE_CODE = YES;
				CLANG_WARN__DUPLICATE_METHOD_MATCH = YES;
				COPY_PHASE_STRIP = NO;
				DEBUG_INFORMATION_FORMAT = dwarf;
				ENABLE_STRICT_OBJC_MSGSEND = YES;
				ENABLE_TESTABILITY = YES;
				ENABLE_USER_SCRIPT_SANDBOXING = YES;
				GCC_C_LANGUAGE_STANDARD = gnu17;
				GCC_DYNAMIC_NO_PIC = NO;
				GCC_NO_COMMON_BLOCKS = YES;
				GCC_OPTIMIZATION_LEVEL = 0;
				GCC_PREPROCESSOR_DEFINITIONS = (
					"DEBUG=1",
					"$(inherited)",
				);
				GCC_WARN_64_TO_32_BIT_CONVERSION = YES;
				GCC_WARN_ABOUT_RETURN_TYPE = YES_ERROR;
				GCC_WARN_UNDECLARED_SELECTOR = YES;
				GCC_WARN_UNINITIALIZED_AUTOS = YES_AGGRESSIVE;
				GCC_WARN_UNUSED_FUNCTION = YES;
				GCC_WARN_UNUSED_VARIABLE = YES;
				IPHONEOS_DEPLOYMENT_TARGET = 17.1;
				LOCALIZATION_PREFERS_STRING_CATALOGS = YES;
				MTL_ENABLE_DEBUG_INFO = INCLUDE_SOURCE;
				MTL_FAST_MATH = YES;
				ONLY_ACTIVE_ARCH = YES;
				SDKROOT = iphoneos;
				SWIFT_ACTIVE_COMPILATION_CONDITIONS = "DEBUG $(inherited)";
				SWIFT_OPTIMIZATION_LEVEL = "-Onone";
			};
			name = Debug;
		};
		3BB43C1C2B41294600CE0623 /* Release */ = {
			isa = XCBuildConfiguration;
			buildSettings = {
				ALWAYS_SEARCH_USER_PATHS = NO;
				ASSETCATALOG_COMPILER_GENERATE_SWIFT_ASSET_SYMBOL_EXTENSIONS = YES;
				CLANG_ANALYZER_NONNULL = YES;
				CLANG_ANALYZER_NUMBER_OBJECT_CONVERSION = YES_AGGRESSIVE;
				CLANG_CXX_LANGUAGE_STANDARD = "gnu++20";
				CLANG_ENABLE_MODULES = YES;
				CLANG_ENABLE_OBJC_ARC = YES;
				CLANG_ENABLE_OBJC_WEAK = YES;
				CLANG_WARN_BLOCK_CAPTURE_AUTORELEASING = YES;
				CLANG_WARN_BOOL_CONVERSION = YES;
				CLANG_WARN_COMMA = YES;
				CLANG_WARN_CONSTANT_CONVERSION = YES;
				CLANG_WARN_DEPRECATED_OBJC_IMPLEMENTATIONS = YES;
				CLANG_WARN_DIRECT_OBJC_ISA_USAGE = YES_ERROR;
				CLANG_WARN_DOCUMENTATION_COMMENTS = YES;
				CLANG_WARN_EMPTY_BODY = YES;
				CLANG_WARN_ENUM_CONVERSION = YES;
				CLANG_WARN_INFINITE_RECURSION = YES;
				CLANG_WARN_INT_CONVERSION = YES;
				CLANG_WARN_NON_LITERAL_NULL_CONVERSION = YES;
				CLANG_WARN_OBJC_IMPLICIT_RETAIN_SELF = YES;
				CLANG_WARN_OBJC_LITERAL_CONVERSION = YES;
				CLANG_WARN_OBJC_ROOT_CLASS = YES_ERROR;
				CLANG_WARN_QUOTED_INCLUDE_IN_FRAMEWORK_HEADER = YES;
				CLANG_WARN_RANGE_LOOP_ANALYSIS = YES;
				CLANG_WARN_STRICT_PROTOTYPES = YES;
				CLANG_WARN_SUSPICIOUS_MOVE = YES;
				CLANG_WARN_UNGUARDED_AVAILABILITY = YES_AGGRESSIVE;
				CLANG_WARN_UNREACHABLE_CODE = YES;
				CLANG_WARN__DUPLICATE_METHOD_MATCH = YES;
				COPY_PHASE_STRIP = NO;
				DEBUG_INFORMATION_FORMAT = "dwarf-with-dsym";
				ENABLE_NS_ASSERTIONS = NO;
				ENABLE_STRICT_OBJC_MSGSEND = YES;
				ENABLE_USER_SCRIPT_SANDBOXING = YES;
				GCC_C_LANGUAGE_STANDARD = gnu17;
				GCC_NO_COMMON_BLOCKS = YES;
				GCC_WARN_64_TO_32_BIT_CONVERSION = YES;
				GCC_WARN_ABOUT_RETURN_TYPE = YES_ERROR;
				GCC_WARN_UNDECLARED_SELECTOR = YES;
				GCC_WARN_UNINITIALIZED_AUTOS = YES_AGGRESSIVE;
				GCC_WARN_UNUSED_FUNCTION = YES;
				GCC_WARN_UNUSED_VARIABLE = YES;
				IPHONEOS_DEPLOYMENT_TARGET = 17.1;
				LOCALIZATION_PREFERS_STRING_CATALOGS = YES;
				MTL_ENABLE_DEBUG_INFO = NO;
				MTL_FAST_MATH = YES;
				SDKROOT = iphoneos;
				SWIFT_COMPILATION_MODE = wholemodule;
				VALIDATE_PRODUCT = YES;
			};
			name = Release;
		};
		3BB43C1E2B41294600CE0623 /* Debug */ = {
			isa = XCBuildConfiguration;
			buildSettings = {
				ASSETCATALOG_COMPILER_APPICON_NAME = AppIcon;
				ASSETCATALOG_COMPILER_GLOBAL_ACCENT_COLOR_NAME = AccentColor;
				CODE_SIGN_STYLE = Automatic;
				CURRENT_PROJECT_VERSION = 1;
				DEVELOPMENT_ASSET_PATHS = "\"Muscle Volume/Preview Content\"";
				DEVELOPMENT_TEAM = 2232269234;
				ENABLE_PREVIEWS = YES;
				GENERATE_INFOPLIST_FILE = YES;
				INFOPLIST_KEY_UIApplicationSceneManifest_Generation = YES;
				INFOPLIST_KEY_UIApplicationSupportsIndirectInputEvents = YES;
				INFOPLIST_KEY_UILaunchScreen_Generation = YES;
				INFOPLIST_KEY_UISupportedInterfaceOrientations_iPad = "UIInterfaceOrientationPortrait UIInterfaceOrientationPortraitUpsideDown UIInterfaceOrientationLandscapeLeft UIInterfaceOrientationLandscapeRight";
				INFOPLIST_KEY_UISupportedInterfaceOrientations_iPhone = "UIInterfaceOrientationPortrait UIInterfaceOrientationLandscapeLeft UIInterfaceOrientationLandscapeRight";
				LD_RUNPATH_SEARCH_PATHS = (
					"$(inherited)",
					"@executable_path/Frameworks",
				);
				MARKETING_VERSION = 1.0;
				PRODUCT_BUNDLE_IDENTIFIER = "bobbykiaie.Muscle-Volume";
				PRODUCT_NAME = "$(TARGET_NAME)";
				SUPPORTED_PLATFORMS = "iphoneos iphonesimulator xros xrsimulator";
				SUPPORTS_MACCATALYST = NO;
				SWIFT_EMIT_LOC_STRINGS = YES;
				SWIFT_VERSION = 5.0;
				TARGETED_DEVICE_FAMILY = "1,2,7";
			};
			name = Debug;
		};
		3BB43C1F2B41294600CE0623 /* Release */ = {
			isa = XCBuildConfiguration;
			buildSettings = {
				ASSETCATALOG_COMPILER_APPICON_NAME = AppIcon;
				ASSETCATALOG_COMPILER_GLOBAL_ACCENT_COLOR_NAME = AccentColor;
				CODE_SIGN_STYLE = Automatic;
				CURRENT_PROJECT_VERSION = 1;
				DEVELOPMENT_ASSET_PATHS = "\"Muscle Volume/Preview Content\"";
				DEVELOPMENT_TEAM = 2232269234;
				ENABLE_PREVIEWS = YES;
				GENERATE_INFOPLIST_FILE = YES;
				INFOPLIST_KEY_UIApplicationSceneManifest_Generation = YES;
				INFOPLIST_KEY_UIApplicationSupportsIndirectInputEvents = YES;
				INFOPLIST_KEY_UILaunchScreen_Generation = YES;
				INFOPLIST_KEY_UISupportedInterfaceOrientations_iPad = "UIInterfaceOrientationPortrait UIInterfaceOrientationPortraitUpsideDown UIInterfaceOrientationLandscapeLeft UIInterfaceOrientationLandscapeRight";
				INFOPLIST_KEY_UISupportedInterfaceOrientations_iPhone = "UIInterfaceOrientationPortrait UIInterfaceOrientationLandscapeLeft UIInterfaceOrientationLandscapeRight";
				LD_RUNPATH_SEARCH_PATHS = (
					"$(inherited)",
					"@executable_path/Frameworks",
				);
				MARKETING_VERSION = 1.0;
				PRODUCT_BUNDLE_IDENTIFIER = "bobbykiaie.Muscle-Volume";
				PRODUCT_NAME = "$(TARGET_NAME)";
				SUPPORTED_PLATFORMS = "iphoneos iphonesimulator xros xrsimulator";
				SUPPORTS_MACCATALYST = NO;
				SWIFT_EMIT_LOC_STRINGS = YES;
				SWIFT_VERSION = 5.0;
				TARGETED_DEVICE_FAMILY = "1,2,7";
			};
			name = Release;
		};
/* End XCBuildConfiguration section */

/* Begin XCConfigurationList section */
		3BB43C082B41294400CE0623 /* Build configuration list for PBXProject "Muscle Volume" */ = {
			isa = XCConfigurationList;
			buildConfigurations = (
				3BB43C1B2B41294600CE0623 /* Debug */,
				3BB43C1C2B41294600CE0623 /* Release */,
			);
			defaultConfigurationIsVisible = 0;
			defaultConfigurationName = Release;
		};
		3BB43C1D2B41294600CE0623 /* Build configuration list for PBXNativeTarget "Muscle Volume" */ = {
			isa = XCConfigurationList;
			buildConfigurations = (
				3BB43C1E2B41294600CE0623 /* Debug */,
				3BB43C1F2B41294600CE0623 /* Release */,
			);
			defaultConfigurationIsVisible = 0;
			defaultConfigurationName = Release;
		};
/* End XCConfigurationList section */
	};
	rootObject = 3BB43C052B41294400CE0623 /* Project object */;
}
